
Microsoft Visual Studio Solution File, Format Version 12.00
# Visual Studio Version 17
VisualStudioVersion = 17.4.33213.308
MinimumVisualStudioVersion = 10.0.40219.1
Project("{FAE04EC0-301F-11D3-BF4B-00C04F79EFBC}") = "TheArrowServer", "TheArrowServer\TheArrowServer.csproj", "{9AF878D9-EB29-4A04-9D5C-1FF6DDD9B40F}"
EndProject
Global
	GlobalSection(SolutionConfigurationPlatforms) = preSolution
		Debug|Any CPU = Debug|Any CPU
		Release|Any CPU = Release|Any CPU
	EndGlobalSection
	GlobalSection(ProjectConfigurationPlatforms) = postSolution
		{9AF878D9-EB29-4A04-9D5C-1FF6DDD9B40F}.Debug|Any CPU.ActiveCfg = Debug|Any CPU
		{9AF878D9-EB29-4A04-9D5C-1FF6DDD9B40F}.Debug|Any CPU.Build.0 = Debug|Any CPU
		{9AF878D9-EB29-4A04-9D5C-1FF6DDD9B40F}.Release|Any CPU.ActiveCfg = Release|Any CPU
		{9AF878D9-EB29-4A04-9D5C-1FF6DDD9B40F}.Release|Any CPU.Build.0 = Release|Any CPU
	EndGlobalSection
	GlobalSection(SolutionProperties) = preSolution
		HideSolutionNode = FALSE
	EndGlobalSection
	GlobalSection(ExtensibilityGlobals) = postSolution
		SolutionGuid = {8F8047C8-E5D0-4AA8-B030-FA074D136448}
	EndGlobalSection
EndGlobal
